
Microsoft Visual Studio Solution File, Format Version 12.00
# Visual Studio Version 17
VisualStudioVersion = 17.14.36511.14
MinimumVisualStudioVersion = 10.0.40219.1
Project("{FAE04EC0-301F-11D3-BF4B-00C04F79EFBC}") = "Razor", "Razor.csproj", "{C83766C6-3738-496A-9257-D291E4410342}"
EndProject
Global
	GlobalSection(SolutionConfigurationPlatforms) = preSolution
		Debug|Any CPU = Debug|Any CPU
		Release|Any CPU = Release|Any CPU
	EndGlobalSection
	GlobalSection(ProjectConfigurationPlatforms) = postSolution
		{C83766C6-3738-496A-9257-D291E4410342}.Debug|Any CPU.ActiveCfg = Debug|Any CPU
		{C83766C6-3738-496A-9257-D291E4410342}.Debug|Any CPU.Build.0 = Debug|Any CPU
		{C83766C6-3738-496A-9257-D291E4410342}.Release|Any CPU.ActiveCfg = Release|Any CPU
		{C83766C6-3738-496A-9257-D291E4410342}.Release|Any CPU.Build.0 = Release|Any CPU
	EndGlobalSection
	GlobalSection(SolutionProperties) = preSolution
		HideSolutionNode = FALSE
	EndGlobalSection
	GlobalSection(ExtensibilityGlobals) = postSolution
		SolutionGuid = {071F5AF8-A7FB-407A-977D-14C8DE7DD362}
	EndGlobalSection
EndGlobal
